<?xml version="1.0" encoding="utf-8"?>
<Project ToolsVersion="4.0" xmlns="http://schemas.microsoft.com/developer/msbuild/2003">
  <ItemGroup>
    <Filter Include="Source Files">
      <UniqueIdentifier>{4FC737F1-C7A5-4376-A066-2A32D752A2FF}</UniqueIdentifier>
      <Extensions>cpp;c;cc;cxx;def;odl;idl;hpj;bat;asm;asmx</Extensions>
    </Filter>
    <Filter Include="Header Files">
      <UniqueIdentifier>{93995380-89BD-4b04-88EB-625FBE52EBFB}</UniqueIdentifier>
      <Extensions>h;hpp;hxx;hm;inl;inc;xsd</Extensions>
    </Filter>
    <Filter Include="Resource Files">
      <UniqueIdentifier>{67DA6AB6-F800-4c08-8B7A-83BB121AAD01}</UniqueIdentifier>
      <Extensions>rc;ico;cur;bmp;dlg;rc2;rct;bin;rgs;gif;jpg;jpeg;jpe;resx;tiff;tif;png;wav;mfcribbon-ms</Extensions>
    </Filter>
    <Filter Include="Header Files\gw2DatTools">
      <UniqueIdentifier>{2726ef08-6096-4c90-80d0-4476ceb8dd49}</UniqueIdentifier>
    </Filter>
    <Filter Include="Source Files\gw2DatTools">
      <UniqueIdentifier>{b6b81e3c-8a42-423b-b1fa-ad0cb7c8d249}</UniqueIdentifier>
    </Filter>
  </ItemGroup>
  <ItemGroup>
    <ClInclude Include="..\src\Gw2DatUnpacker.h">
      <Filter>Header Files</Filter>
    </ClInclude>
    <ClInclude Include="..\src\stdafx.h">
      <Filter>Header Files</Filter>
    </ClInclude>
    <ClInclude Include="..\src\Gw2Dat.h">
      <Filter>Header Files</Filter>
    </ClInclude>
    <ClInclude Include="..\src\ANetStructs.h">
      <Filter>Header Files</Filter>
    </ClInclude>
    <ClInclude Include="..\src\FileCategorizer.h">
      <Filter>Header Files</Filter>
    </ClInclude>
    <ClInclude Include="..\src\gw2DatTools\Exception.h">
      <Filter>Header Files\gw2DatTools</Filter>
    </ClInclude>
    <ClInclude Include="..\src\gw2DatTools\inflateBuffer.h">
      <Filter>Header Files\gw2DatTools</Filter>
    </ClInclude>
    <ClInclude Include="..\src\gw2DatTools\inflateBufferUtils.h">
      <Filter>Header Files\gw2DatTools</Filter>
    </ClInclude>
  </ItemGroup>
  <ItemGroup>
    <ClCompile Include="..\src\Gw2DatUnpacker.cpp">
      <Filter>Source Files</Filter>
    </ClCompile>
    <ClCompile Include="..\src\stdafx.cpp">
      <Filter>Source Files</Filter>
    </ClCompile>
    <ClCompile Include="..\src\Gw2Dat.cpp">
      <Filter>Source Files</Filter>
    </ClCompile>
    <ClCompile Include="..\src\FileCategorizer.cpp">
      <Filter>Source Files</Filter>
    </ClCompile>
    <ClCompile Include="..\src\gw2DatTools\Exception.cpp">
      <Filter>Source Files\gw2DatTools</Filter>
    </ClCompile>
    <ClCompile Include="..\src\gw2DatTools\inflateBuffer.cpp">
      <Filter>Source Files\gw2DatTools</Filter>
    </ClCompile>
    <ClCompile Include="..\src\gw2DatTools\inflateBufferUtils.cpp">
      <Filter>Source Files\gw2DatTools</Filter>
    </ClCompile>
  </ItemGroup>
</Project>